<?xml version="1.0" encoding="utf-8"?>
<Project ToolsVersion="4.0" xmlns="http://schemas.microsoft.com/developer/msbuild/2003">
  <ItemGroup>
    <Filter Include="리소스 파일">
      <UniqueIdentifier>{67DA6AB6-F800-4c08-8B7A-83BB121AAD01}</UniqueIdentifier>
      <Extensions>rc;ico;cur;bmp;dlg;rc2;rct;bin;rgs;gif;jpg;jpeg;jpe;resx;tiff;tif;png;wav;mfcribbon-ms</Extensions>
    </Filter>
    <Filter Include="HighLevel_Interface">
      <UniqueIdentifier>{64307b7e-df2f-4f57-b855-3602c6c0d642}</UniqueIdentifier>
    </Filter>
    <Filter Include="GameObject">
      <UniqueIdentifier>{8697dab5-e2d0-4b88-a72e-652a7bf53d5c}</UniqueIdentifier>
    </Filter>
    <Filter Include="Common">
      <UniqueIdentifier>{d48035f6-9b12-4cce-9338-66319f0ccbf3}</UniqueIdentifier>
    </Filter>
    <Filter Include="Module">
      <UniqueIdentifier>{6015a681-8579-4668-9223-08e869c7ce47}</UniqueIdentifier>
    </Filter>
    <Filter Include="Scene">
      <UniqueIdentifier>{d11426de-a8db-464e-86ed-5b9f0936a905}</UniqueIdentifier>
    </Filter>
    <Filter Include="GameObject\Player">
      <UniqueIdentifier>{e795fc7c-6816-44b5-bdf5-2a4d2fdd9e7f}</UniqueIdentifier>
    </Filter>
    <Filter Include="GameObject\House">
      <UniqueIdentifier>{64b285c3-63ef-4a95-b432-346c2805e30f}</UniqueIdentifier>
    </Filter>
    <Filter Include="Map">
      <UniqueIdentifier>{ad0d9081-d959-4687-81cf-1aa123e5148f}</UniqueIdentifier>
    </Filter>
    <Filter Include="GameObject\Ball">
      <UniqueIdentifier>{5d81fd53-5ba3-4995-838e-d5684814d55a}</UniqueIdentifier>
    </Filter>
    <Filter Include="Data">
      <UniqueIdentifier>{046e5057-d0f6-4a55-b5df-58d8dcfe0646}</UniqueIdentifier>
    </Filter>
    <Filter Include="Lib">
      <UniqueIdentifier>{08645177-f2c4-4815-a75d-9be0abd0548c}</UniqueIdentifier>
    </Filter>
    <Filter Include="GameObject\Wall">
      <UniqueIdentifier>{1a704547-d1e1-466b-b22b-ed97317fc2a3}</UniqueIdentifier>
    </Filter>
  </ItemGroup>
  <ItemGroup>
    <ClCompile Include="Application.cpp">
      <Filter>HighLevel_Interface</Filter>
    </ClCompile>
    <ClCompile Include="main.cpp" />
    <ClCompile Include="GameObject.cpp">
      <Filter>GameObject</Filter>
    </ClCompile>
    <ClCompile Include="Map.cpp">
      <Filter>Map</Filter>
    </ClCompile>
    <ClCompile Include="Scene.cpp">
      <Filter>Scene</Filter>
    </ClCompile>
    <ClCompile Include="Scene_Play.cpp">
      <Filter>Scene</Filter>
    </ClCompile>
    <ClCompile Include="Scene_Title.cpp">
      <Filter>Scene</Filter>
    </ClCompile>
    <ClCompile Include="GlobalFunc.cpp">
      <Filter>Module</Filter>
    </ClCompile>
    <ClCompile Include="Scene_Dead.cpp">
      <Filter>Scene</Filter>
    </ClCompile>
    <ClCompile Include="Player.cpp">
      <Filter>GameObject\Player</Filter>
    </ClCompile>
    <ClCompile Include="Ball.cpp">
      <Filter>GameObject\Ball</Filter>
    </ClCompile>
    <ClCompile Include="Wall.cpp">
      <Filter>GameObject\Wall</Filter>
    </ClCompile>
    <ClCompile Include="House.cpp">
      <Filter>GameObject\House</Filter>
    </ClCompile>
    <ClCompile Include="Stage.cpp">
      <Filter>Data</Filter>
    </ClCompile>
    <ClCompile Include="Scene_Clear.cpp">
      <Filter>Scene</Filter>
    </ClCompile>
  </ItemGroup>
  <ItemGroup>
    <ClInclude Include="Application.h">
      <Filter>HighLevel_Interface</Filter>
    </ClInclude>
    <ClInclude Include="GameObject.h">
      <Filter>GameObject</Filter>
    </ClInclude>
    <ClInclude Include="MyMath.h">
      <Filter>Common</Filter>
    </ClInclude>
    <ClInclude Include="Common.h">
      <Filter>Common</Filter>
    </ClInclude>
    <ClInclude Include="Map.h">
      <Filter>Map</Filter>
    </ClInclude>
    <ClInclude Include="define.h">
      <Filter>Common</Filter>
    </ClInclude>
    <ClInclude Include="GlobalFunc.h">
      <Filter>Module</Filter>
    </ClInclude>
    <ClInclude Include="Scene.h">
      <Filter>Scene</Filter>
    </ClInclude>
    <ClInclude Include="Scene_Title.h">
      <Filter>Scene</Filter>
    </ClInclude>
    <ClInclude Include="Scene_Play.h">
      <Filter>Scene</Filter>
    </ClInclude>
    <ClInclude Include="Scene_Dead.h">
      <Filter>Scene</Filter>
    </ClInclude>
    <ClInclude Include="Player.h">
      <Filter>GameObject\Player</Filter>
    </ClInclude>
    <ClInclude Include="Ball.h">
      <Filter>GameObject\Ball</Filter>
    </ClInclude>
    <ClInclude Include="Wall.h">
      <Filter>GameObject\Wall</Filter>
    </ClInclude>
    <ClInclude Include="House.h">
      <Filter>GameObject\House</Filter>
    </ClInclude>
    <ClInclude Include="Stage.h">
      <Filter>Data</Filter>
    </ClInclude>
    <ClInclude Include="MyList.h">
      <Filter>Lib</Filter>
    </ClInclude>
    <ClInclude Include="MyVector.h">
      <Filter>Lib</Filter>
    </ClInclude>
    <ClInclude Include="Pair.h">
      <Filter>Lib</Filter>
    </ClInclude>
    <ClInclude Include="Scene_Clear.h">
      <Filter>Scene</Filter>
    </ClInclude>
  </ItemGroup>
</Project>